
Microsoft Visual Studio Solution File, Format Version 12.00
# Visual Studio Version 17
VisualStudioVersion = 17.6.33712.159
MinimumVisualStudioVersion = 10.0.40219.1
Project("{2150E333-8FDC-42A3-9474-1A3956D46DE8}") = "Core", "Core", "{58A0190A-DD9E-467F-80CC-5DE1BAC06B9E}"
EndProject
Project("{2150E333-8FDC-42A3-9474-1A3956D46DE8}") = "Connectors", "Connectors", "{301A99E3-1DAB-433F-9595-4784586F17F5}"
EndProject
Project("{9A19103F-16F7-4668-BE54-9A1E7A4F7556}") = "Core", "Core\Core\Core.csproj", "{A802DD88-7EF0-40B6-A224-1C1BB3926863}"
EndProject
Project("{9A19103F-16F7-4668-BE54-9A1E7A4F7556}") = "ConnectorRevit2023", "ConnectorRevit\ConnectorRevit2023\ConnectorRevit2023.csproj", "{0617539A-EE12-442E-A501-21D0FC484ED4}"
EndProject
Project("{9A19103F-16F7-4668-BE54-9A1E7A4F7556}") = "Core.TestIntegration", "Core\Core.TestIntegration\Core.TestIntegration.csproj", "{7AE4CD0E-7583-4283-9FAE-C30B7F902CFE}"
EndProject
Project("{9A19103F-16F7-4668-BE54-9A1E7A4F7556}") = "Core.TestWebSocketFrontEnd", "Core\Core.TestWebSocketFrontEnd\Core.TestWebSocketFrontEnd.csproj", "{51E6AC78-0AFB-4CFC-AEF3-8FAB35B86D42}"
EndProject
Project("{54435603-DBB4-11D2-8724-00A0C9A8B90C}") = "CalcRevit2022.Installer", "ConnectorRevit\CalcRevit2022.Installer\CalcRevit2022.Installer.vdproj", "{D7D10AEF-A1E4-4C47-9679-EBFBB9D7C41F}"
EndProject
Project("{54435603-DBB4-11D2-8724-00A0C9A8B90C}") = "CalcRevit2023.Installer", "ConnectorRevit\CalcRevit2023.Installer\CalcRevit2023.Installer.vdproj", "{A385876B-9297-4B1B-B592-3CF4F39705E8}"
EndProject
Global
	GlobalSection(SolutionConfigurationPlatforms) = preSolution
		Debug|Any CPU = Debug|Any CPU
		Debug|ARM64 = Debug|ARM64
		Debug|x64 = Debug|x64
		Debug|x86 = Debug|x86
		Release|Any CPU = Release|Any CPU
		Release|ARM64 = Release|ARM64
		Release|x64 = Release|x64
		Release|x86 = Release|x86
	EndGlobalSection
	GlobalSection(ProjectConfigurationPlatforms) = postSolution
		{A802DD88-7EF0-40B6-A224-1C1BB3926863}.Debug|Any CPU.ActiveCfg = Debug|Any CPU
		{A802DD88-7EF0-40B6-A224-1C1BB3926863}.Debug|Any CPU.Build.0 = Debug|Any CPU
		{A802DD88-7EF0-40B6-A224-1C1BB3926863}.Debug|ARM64.ActiveCfg = Debug|Any CPU
		{A802DD88-7EF0-40B6-A224-1C1BB3926863}.Debug|ARM64.Build.0 = Debug|Any CPU
		{A802DD88-7EF0-40B6-A224-1C1BB3926863}.Debug|x64.ActiveCfg = Debug|Any CPU
		{A802DD88-7EF0-40B6-A224-1C1BB3926863}.Debug|x64.Build.0 = Debug|Any CPU
		{A802DD88-7EF0-40B6-A224-1C1BB3926863}.Debug|x86.ActiveCfg = Debug|Any CPU
		{A802DD88-7EF0-40B6-A224-1C1BB3926863}.Debug|x86.Build.0 = Debug|Any CPU
		{A802DD88-7EF0-40B6-A224-1C1BB3926863}.Release|Any CPU.ActiveCfg = Release|Any CPU
		{A802DD88-7EF0-40B6-A224-1C1BB3926863}.Release|Any CPU.Build.0 = Release|Any CPU
		{A802DD88-7EF0-40B6-A224-1C1BB3926863}.Release|ARM64.ActiveCfg = Release|Any CPU
		{A802DD88-7EF0-40B6-A224-1C1BB3926863}.Release|ARM64.Build.0 = Release|Any CPU
		{A802DD88-7EF0-40B6-A224-1C1BB3926863}.Release|x64.ActiveCfg = Release|Any CPU
		{A802DD88-7EF0-40B6-A224-1C1BB3926863}.Release|x64.Build.0 = Release|Any CPU
		{A802DD88-7EF0-40B6-A224-1C1BB3926863}.Release|x86.ActiveCfg = Release|Any CPU
		{A802DD88-7EF0-40B6-A224-1C1BB3926863}.Release|x86.Build.0 = Release|Any CPU
		{0617539A-EE12-442E-A501-21D0FC484ED4}.Debug|Any CPU.ActiveCfg = Debug|Any CPU
		{0617539A-EE12-442E-A501-21D0FC484ED4}.Debug|Any CPU.Build.0 = Debug|Any CPU
		{0617539A-EE12-442E-A501-21D0FC484ED4}.Debug|ARM64.ActiveCfg = Debug|Any CPU
		{0617539A-EE12-442E-A501-21D0FC484ED4}.Debug|ARM64.Build.0 = Debug|Any CPU
		{0617539A-EE12-442E-A501-21D0FC484ED4}.Debug|x64.ActiveCfg = Debug|Any CPU
		{0617539A-EE12-442E-A501-21D0FC484ED4}.Debug|x64.Build.0 = Debug|Any CPU
		{0617539A-EE12-442E-A501-21D0FC484ED4}.Debug|x86.ActiveCfg = Debug|Any CPU
		{0617539A-EE12-442E-A501-21D0FC484ED4}.Debug|x86.Build.0 = Debug|Any CPU
		{0617539A-EE12-442E-A501-21D0FC484ED4}.Release|Any CPU.ActiveCfg = Release|Any CPU
		{0617539A-EE12-442E-A501-21D0FC484ED4}.Release|Any CPU.Build.0 = Release|Any CPU
		{0617539A-EE12-442E-A501-21D0FC484ED4}.Release|ARM64.ActiveCfg = Release|Any CPU
		{0617539A-EE12-442E-A501-21D0FC484ED4}.Release|ARM64.Build.0 = Release|Any CPU
		{0617539A-EE12-442E-A501-21D0FC484ED4}.Release|x64.ActiveCfg = Release|Any CPU
		{0617539A-EE12-442E-A501-21D0FC484ED4}.Release|x64.Build.0 = Release|Any CPU
		{0617539A-EE12-442E-A501-21D0FC484ED4}.Release|x86.ActiveCfg = Release|Any CPU
		{0617539A-EE12-442E-A501-21D0FC484ED4}.Release|x86.Build.0 = Release|Any CPU
		{7AE4CD0E-7583-4283-9FAE-C30B7F902CFE}.Debug|Any CPU.ActiveCfg = Debug|Any CPU
		{7AE4CD0E-7583-4283-9FAE-C30B7F902CFE}.Debug|Any CPU.Build.0 = Debug|Any CPU
		{7AE4CD0E-7583-4283-9FAE-C30B7F902CFE}.Debug|ARM64.ActiveCfg = Debug|Any CPU
		{7AE4CD0E-7583-4283-9FAE-C30B7F902CFE}.Debug|ARM64.Build.0 = Debug|Any CPU
		{7AE4CD0E-7583-4283-9FAE-C30B7F902CFE}.Debug|x64.ActiveCfg = Debug|Any CPU
		{7AE4CD0E-7583-4283-9FAE-C30B7F902CFE}.Debug|x64.Build.0 = Debug|Any CPU
		{7AE4CD0E-7583-4283-9FAE-C30B7F902CFE}.Debug|x86.ActiveCfg = Debug|Any CPU
		{7AE4CD0E-7583-4283-9FAE-C30B7F902CFE}.Debug|x86.Build.0 = Debug|Any CPU
		{7AE4CD0E-7583-4283-9FAE-C30B7F902CFE}.Release|Any CPU.ActiveCfg = Release|Any CPU
		{7AE4CD0E-7583-4283-9FAE-C30B7F902CFE}.Release|Any CPU.Build.0 = Release|Any CPU
		{7AE4CD0E-7583-4283-9FAE-C30B7F902CFE}.Release|ARM64.ActiveCfg = Release|Any CPU
		{7AE4CD0E-7583-4283-9FAE-C30B7F902CFE}.Release|ARM64.Build.0 = Release|Any CPU
		{7AE4CD0E-7583-4283-9FAE-C30B7F902CFE}.Release|x64.ActiveCfg = Release|Any CPU
		{7AE4CD0E-7583-4283-9FAE-C30B7F902CFE}.Release|x64.Build.0 = Release|Any CPU
		{7AE4CD0E-7583-4283-9FAE-C30B7F902CFE}.Release|x86.ActiveCfg = Release|Any CPU
		{7AE4CD0E-7583-4283-9FAE-C30B7F902CFE}.Release|x86.Build.0 = Release|Any CPU
		{51E6AC78-0AFB-4CFC-AEF3-8FAB35B86D42}.Debug|Any CPU.ActiveCfg = Debug|Any CPU
		{51E6AC78-0AFB-4CFC-AEF3-8FAB35B86D42}.Debug|Any CPU.Build.0 = Debug|Any CPU
		{51E6AC78-0AFB-4CFC-AEF3-8FAB35B86D42}.Debug|ARM64.ActiveCfg = Debug|Any CPU
		{51E6AC78-0AFB-4CFC-AEF3-8FAB35B86D42}.Debug|ARM64.Build.0 = Debug|Any CPU
		{51E6AC78-0AFB-4CFC-AEF3-8FAB35B86D42}.Debug|x64.ActiveCfg = Debug|Any CPU
		{51E6AC78-0AFB-4CFC-AEF3-8FAB35B86D42}.Debug|x64.Build.0 = Debug|Any CPU
		{51E6AC78-0AFB-4CFC-AEF3-8FAB35B86D42}.Debug|x86.ActiveCfg = Debug|Any CPU
		{51E6AC78-0AFB-4CFC-AEF3-8FAB35B86D42}.Debug|x86.Build.0 = Debug|Any CPU
		{51E6AC78-0AFB-4CFC-AEF3-8FAB35B86D42}.Release|Any CPU.ActiveCfg = Release|Any CPU
		{51E6AC78-0AFB-4CFC-AEF3-8FAB35B86D42}.Release|Any CPU.Build.0 = Release|Any CPU
		{51E6AC78-0AFB-4CFC-AEF3-8FAB35B86D42}.Release|ARM64.ActiveCfg = Release|Any CPU
		{51E6AC78-0AFB-4CFC-AEF3-8FAB35B86D42}.Release|ARM64.Build.0 = Release|Any CPU
		{51E6AC78-0AFB-4CFC-AEF3-8FAB35B86D42}.Release|x64.ActiveCfg = Release|Any CPU
		{51E6AC78-0AFB-4CFC-AEF3-8FAB35B86D42}.Release|x64.Build.0 = Release|Any CPU
		{51E6AC78-0AFB-4CFC-AEF3-8FAB35B86D42}.Release|x86.ActiveCfg = Release|Any CPU
		{51E6AC78-0AFB-4CFC-AEF3-8FAB35B86D42}.Release|x86.Build.0 = Release|Any CPU
		{D7D10AEF-A1E4-4C47-9679-EBFBB9D7C41F}.Debug|Any CPU.ActiveCfg = Debug
		{D7D10AEF-A1E4-4C47-9679-EBFBB9D7C41F}.Debug|ARM64.ActiveCfg = Debug
		{D7D10AEF-A1E4-4C47-9679-EBFBB9D7C41F}.Debug|x64.ActiveCfg = Debug
		{D7D10AEF-A1E4-4C47-9679-EBFBB9D7C41F}.Debug|x86.ActiveCfg = Debug
		{D7D10AEF-A1E4-4C47-9679-EBFBB9D7C41F}.Release|Any CPU.ActiveCfg = Release
		{D7D10AEF-A1E4-4C47-9679-EBFBB9D7C41F}.Release|ARM64.ActiveCfg = Release
		{D7D10AEF-A1E4-4C47-9679-EBFBB9D7C41F}.Release|x64.ActiveCfg = Release
		{D7D10AEF-A1E4-4C47-9679-EBFBB9D7C41F}.Release|x86.ActiveCfg = Release
		{A385876B-9297-4B1B-B592-3CF4F39705E8}.Debug|Any CPU.ActiveCfg = Debug
		{A385876B-9297-4B1B-B592-3CF4F39705E8}.Debug|ARM64.ActiveCfg = Debug
		{A385876B-9297-4B1B-B592-3CF4F39705E8}.Debug|x64.ActiveCfg = Debug
		{A385876B-9297-4B1B-B592-3CF4F39705E8}.Debug|x86.ActiveCfg = Debug
		{A385876B-9297-4B1B-B592-3CF4F39705E8}.Release|Any CPU.ActiveCfg = Release
		{A385876B-9297-4B1B-B592-3CF4F39705E8}.Release|ARM64.ActiveCfg = Release
		{A385876B-9297-4B1B-B592-3CF4F39705E8}.Release|x64.ActiveCfg = Release
		{A385876B-9297-4B1B-B592-3CF4F39705E8}.Release|x86.ActiveCfg = Release
	EndGlobalSection
	GlobalSection(SolutionProperties) = preSolution
		HideSolutionNode = FALSE
	EndGlobalSection
	GlobalSection(NestedProjects) = preSolution
		{A802DD88-7EF0-40B6-A224-1C1BB3926863} = {58A0190A-DD9E-467F-80CC-5DE1BAC06B9E}
		{0617539A-EE12-442E-A501-21D0FC484ED4} = {301A99E3-1DAB-433F-9595-4784586F17F5}
		{7AE4CD0E-7583-4283-9FAE-C30B7F902CFE} = {58A0190A-DD9E-467F-80CC-5DE1BAC06B9E}
		{51E6AC78-0AFB-4CFC-AEF3-8FAB35B86D42} = {58A0190A-DD9E-467F-80CC-5DE1BAC06B9E}
		{D7D10AEF-A1E4-4C47-9679-EBFBB9D7C41F} = {301A99E3-1DAB-433F-9595-4784586F17F5}
		{A385876B-9297-4B1B-B592-3CF4F39705E8} = {301A99E3-1DAB-433F-9595-4784586F17F5}
	EndGlobalSection
	GlobalSection(ExtensibilityGlobals) = postSolution
		SolutionGuid = {08F04A72-7110-40A0-935B-06B0A87363FE}
	EndGlobalSection
EndGlobal
