
Microsoft Visual Studio Solution File, Format Version 12.00
# Visual Studio Version 17
VisualStudioVersion = 17.6.33712.159
MinimumVisualStudioVersion = 10.0.40219.1
Project("{2150E333-8FDC-42A3-9474-1A3956D46DE8}") = "Installers", "Installers", "{301A99E3-1DAB-433F-9595-4784586F17F5}"
EndProject
Project("{2150E333-8FDC-42A3-9474-1A3956D46DE8}") = "Calc", "Calc", "{92287F66-5CA0-47D3-865C-C734D703CC96}"
EndProject
Project("{2150E333-8FDC-42A3-9474-1A3956D46DE8}") = "Tests", "Tests", "{A6C5A8E5-960C-44A6-8E3C-C20CCA644364}"
EndProject
Project("{9A19103F-16F7-4668-BE54-9A1E7A4F7556}") = "CoreTest", "Tests\CoreTest\CoreTest.csproj", "{E4331A9B-D046-408A-8FF0-C23BECFCB826}"
EndProject
Project("{9A19103F-16F7-4668-BE54-9A1E7A4F7556}") = "Core", "Calc\Core\Core.csproj", "{95FAF8CC-B36A-4D7B-B915-D9A697A98C72}"
EndProject
Project("{9A19103F-16F7-4668-BE54-9A1E7A4F7556}") = "RevitApp", "Calc\RevitApp\RevitApp.csproj", "{8D29F671-B061-4C64-89BE-24B2C465280C}"
EndProject
Project("{54435603-DBB4-11D2-8724-00A0C9A8B90C}") = "CalcRevit2022.Installer", "Installers\CalcRevit2022.Installer\CalcRevit2022.Installer.vdproj", "{06D00DB8-6E6C-417C-89C1-EBDC5D5BC662}"
EndProject
Project("{54435603-DBB4-11D2-8724-00A0C9A8B90C}") = "CalcRevit2023.Installer", "Installers\CalcRevit2023.Installer\CalcRevit2023.Installer.vdproj", "{61943B3C-AC79-4A74-9D3A-287D6F2F931D}"
EndProject
Project("{9A19103F-16F7-4668-BE54-9A1E7A4F7556}") = "MVVM", "Calc\MVVM\MVVM.csproj", "{91137000-2AE7-4555-A62D-70BD698364D0}"
EndProject
Project("{9A19103F-16F7-4668-BE54-9A1E7A4F7556}") = "RevitConnector", "Calc\RevitConnector\RevitConnector.csproj", "{F8DFAEC8-440A-4F30-824F-8A334CFED99B}"
EndProject
Global
	GlobalSection(SolutionConfigurationPlatforms) = preSolution
		Debug|Any CPU = Debug|Any CPU
		Release|Any CPU = Release|Any CPU
	EndGlobalSection
	GlobalSection(ProjectConfigurationPlatforms) = postSolution
		{E4331A9B-D046-408A-8FF0-C23BECFCB826}.Debug|Any CPU.ActiveCfg = Debug|Any CPU
		{E4331A9B-D046-408A-8FF0-C23BECFCB826}.Debug|Any CPU.Build.0 = Debug|Any CPU
		{E4331A9B-D046-408A-8FF0-C23BECFCB826}.Release|Any CPU.ActiveCfg = Release|Any CPU
		{E4331A9B-D046-408A-8FF0-C23BECFCB826}.Release|Any CPU.Build.0 = Release|Any CPU
		{95FAF8CC-B36A-4D7B-B915-D9A697A98C72}.Debug|Any CPU.ActiveCfg = Debug|Any CPU
		{95FAF8CC-B36A-4D7B-B915-D9A697A98C72}.Debug|Any CPU.Build.0 = Debug|Any CPU
		{95FAF8CC-B36A-4D7B-B915-D9A697A98C72}.Release|Any CPU.ActiveCfg = Release|Any CPU
		{95FAF8CC-B36A-4D7B-B915-D9A697A98C72}.Release|Any CPU.Build.0 = Release|Any CPU
		{8D29F671-B061-4C64-89BE-24B2C465280C}.Debug|Any CPU.ActiveCfg = Debug|Any CPU
		{8D29F671-B061-4C64-89BE-24B2C465280C}.Debug|Any CPU.Build.0 = Debug|Any CPU
		{8D29F671-B061-4C64-89BE-24B2C465280C}.Release|Any CPU.ActiveCfg = Release|Any CPU
		{8D29F671-B061-4C64-89BE-24B2C465280C}.Release|Any CPU.Build.0 = Release|Any CPU
		{06D00DB8-6E6C-417C-89C1-EBDC5D5BC662}.Debug|Any CPU.ActiveCfg = Debug
		{06D00DB8-6E6C-417C-89C1-EBDC5D5BC662}.Debug|Any CPU.Build.0 = Debug
		{06D00DB8-6E6C-417C-89C1-EBDC5D5BC662}.Release|Any CPU.ActiveCfg = Release
		{06D00DB8-6E6C-417C-89C1-EBDC5D5BC662}.Release|Any CPU.Build.0 = Release
		{61943B3C-AC79-4A74-9D3A-287D6F2F931D}.Debug|Any CPU.ActiveCfg = Debug
		{61943B3C-AC79-4A74-9D3A-287D6F2F931D}.Debug|Any CPU.Build.0 = Debug
		{61943B3C-AC79-4A74-9D3A-287D6F2F931D}.Release|Any CPU.ActiveCfg = Release
		{61943B3C-AC79-4A74-9D3A-287D6F2F931D}.Release|Any CPU.Build.0 = Release
		{91137000-2AE7-4555-A62D-70BD698364D0}.Debug|Any CPU.ActiveCfg = Debug|Any CPU
		{91137000-2AE7-4555-A62D-70BD698364D0}.Debug|Any CPU.Build.0 = Debug|Any CPU
		{91137000-2AE7-4555-A62D-70BD698364D0}.Release|Any CPU.ActiveCfg = Release|Any CPU
		{91137000-2AE7-4555-A62D-70BD698364D0}.Release|Any CPU.Build.0 = Release|Any CPU
		{F8DFAEC8-440A-4F30-824F-8A334CFED99B}.Debug|Any CPU.ActiveCfg = Debug|Any CPU
		{F8DFAEC8-440A-4F30-824F-8A334CFED99B}.Debug|Any CPU.Build.0 = Debug|Any CPU
		{F8DFAEC8-440A-4F30-824F-8A334CFED99B}.Release|Any CPU.ActiveCfg = Release|Any CPU
		{F8DFAEC8-440A-4F30-824F-8A334CFED99B}.Release|Any CPU.Build.0 = Release|Any CPU
	EndGlobalSection
	GlobalSection(SolutionProperties) = preSolution
		HideSolutionNode = FALSE
	EndGlobalSection
	GlobalSection(NestedProjects) = preSolution
		{E4331A9B-D046-408A-8FF0-C23BECFCB826} = {A6C5A8E5-960C-44A6-8E3C-C20CCA644364}
		{95FAF8CC-B36A-4D7B-B915-D9A697A98C72} = {92287F66-5CA0-47D3-865C-C734D703CC96}
		{8D29F671-B061-4C64-89BE-24B2C465280C} = {92287F66-5CA0-47D3-865C-C734D703CC96}
		{06D00DB8-6E6C-417C-89C1-EBDC5D5BC662} = {301A99E3-1DAB-433F-9595-4784586F17F5}
		{61943B3C-AC79-4A74-9D3A-287D6F2F931D} = {301A99E3-1DAB-433F-9595-4784586F17F5}
		{91137000-2AE7-4555-A62D-70BD698364D0} = {92287F66-5CA0-47D3-865C-C734D703CC96}
		{F8DFAEC8-440A-4F30-824F-8A334CFED99B} = {92287F66-5CA0-47D3-865C-C734D703CC96}
	EndGlobalSection
	GlobalSection(ExtensibilityGlobals) = postSolution
		SolutionGuid = {08F04A72-7110-40A0-935B-06B0A87363FE}
	EndGlobalSection
EndGlobal
