
Microsoft Visual Studio Solution File, Format Version 12.00
# Visual Studio Version 17
VisualStudioVersion = 17.6.33712.159
MinimumVisualStudioVersion = 10.0.40219.1
Project("{9A19103F-16F7-4668-BE54-9A1E7A4F7556}") = "Core", "Core\Core.csproj", "{95FAF8CC-B36A-4D7B-B915-D9A697A98C72}"
EndProject
Project("{9A19103F-16F7-4668-BE54-9A1E7A4F7556}") = "RevitApp", "RevitApp\RevitApp.csproj", "{8D29F671-B061-4C64-89BE-24B2C465280C}"
EndProject
Project("{9A19103F-16F7-4668-BE54-9A1E7A4F7556}") = "MVVM", "MVVM\MVVM.csproj", "{91137000-2AE7-4555-A62D-70BD698364D0}"
EndProject
Project("{9A19103F-16F7-4668-BE54-9A1E7A4F7556}") = "RevitConnector", "RevitConnector\RevitConnector.csproj", "{F8DFAEC8-440A-4F30-824F-8A334CFED99B}"
EndProject
Project("{9A19103F-16F7-4668-BE54-9A1E7A4F7556}") = "SpeckleSender", "SpeckleSender\SpeckleSender.csproj", "{FBFDA008-CA41-4FAA-8CD6-49A8F5D02074}"
EndProject
Global
	GlobalSection(SolutionConfigurationPlatforms) = preSolution
		Debug|Any CPU = Debug|Any CPU
		Release|Any CPU = Release|Any CPU
	EndGlobalSection
	GlobalSection(ProjectConfigurationPlatforms) = postSolution
		{95FAF8CC-B36A-4D7B-B915-D9A697A98C72}.Debug|Any CPU.ActiveCfg = Debug|Any CPU
		{95FAF8CC-B36A-4D7B-B915-D9A697A98C72}.Debug|Any CPU.Build.0 = Debug|Any CPU
		{95FAF8CC-B36A-4D7B-B915-D9A697A98C72}.Release|Any CPU.ActiveCfg = Release|Any CPU
		{95FAF8CC-B36A-4D7B-B915-D9A697A98C72}.Release|Any CPU.Build.0 = Release|Any CPU
		{8D29F671-B061-4C64-89BE-24B2C465280C}.Debug|Any CPU.ActiveCfg = Debug|Any CPU
		{8D29F671-B061-4C64-89BE-24B2C465280C}.Debug|Any CPU.Build.0 = Debug|Any CPU
		{8D29F671-B061-4C64-89BE-24B2C465280C}.Release|Any CPU.ActiveCfg = Release|Any CPU
		{8D29F671-B061-4C64-89BE-24B2C465280C}.Release|Any CPU.Build.0 = Release|Any CPU
		{91137000-2AE7-4555-A62D-70BD698364D0}.Debug|Any CPU.ActiveCfg = Debug|Any CPU
		{91137000-2AE7-4555-A62D-70BD698364D0}.Debug|Any CPU.Build.0 = Debug|Any CPU
		{91137000-2AE7-4555-A62D-70BD698364D0}.Release|Any CPU.ActiveCfg = Release|Any CPU
		{91137000-2AE7-4555-A62D-70BD698364D0}.Release|Any CPU.Build.0 = Release|Any CPU
		{F8DFAEC8-440A-4F30-824F-8A334CFED99B}.Debug|Any CPU.ActiveCfg = Debug|Any CPU
		{F8DFAEC8-440A-4F30-824F-8A334CFED99B}.Debug|Any CPU.Build.0 = Debug|Any CPU
		{F8DFAEC8-440A-4F30-824F-8A334CFED99B}.Release|Any CPU.ActiveCfg = Release|Any CPU
		{F8DFAEC8-440A-4F30-824F-8A334CFED99B}.Release|Any CPU.Build.0 = Release|Any CPU
		{FBFDA008-CA41-4FAA-8CD6-49A8F5D02074}.Debug|Any CPU.ActiveCfg = Debug|Any CPU
		{FBFDA008-CA41-4FAA-8CD6-49A8F5D02074}.Debug|Any CPU.Build.0 = Debug|Any CPU
		{FBFDA008-CA41-4FAA-8CD6-49A8F5D02074}.Release|Any CPU.ActiveCfg = Release|Any CPU
		{FBFDA008-CA41-4FAA-8CD6-49A8F5D02074}.Release|Any CPU.Build.0 = Release|Any CPU
	EndGlobalSection
	GlobalSection(SolutionProperties) = preSolution
		HideSolutionNode = FALSE
	EndGlobalSection
	GlobalSection(ExtensibilityGlobals) = postSolution
		SolutionGuid = {08F04A72-7110-40A0-935B-06B0A87363FE}
	EndGlobalSection
EndGlobal
